
Microsoft Visual Studio Solution File, Format Version 12.00
# Visual Studio Version 17
VisualStudioVersion = 17.9.34728.123
MinimumVisualStudioVersion = 10.0.40219.1
Project("{FAE04EC0-301F-11D3-BF4B-00C04F79EFBC}") = "StyleSavvy_FinalProject", "StyleSavvy_FinalProject\StyleSavvy_FinalProject.csproj", "{41FFEA67-B743-4AFD-9235-41E1FC04C7FB}"
EndProject
Global
	GlobalSection(SolutionConfigurationPlatforms) = preSolution
		Debug|Any CPU = Debug|Any CPU
		Release|Any CPU = Release|Any CPU
	EndGlobalSection
	GlobalSection(ProjectConfigurationPlatforms) = postSolution
		{41FFEA67-B743-4AFD-9235-41E1FC04C7FB}.Debug|Any CPU.ActiveCfg = Debug|Any CPU
		{41FFEA67-B743-4AFD-9235-41E1FC04C7FB}.Debug|Any CPU.Build.0 = Debug|Any CPU
		{41FFEA67-B743-4AFD-9235-41E1FC04C7FB}.Release|Any CPU.ActiveCfg = Release|Any CPU
		{41FFEA67-B743-4AFD-9235-41E1FC04C7FB}.Release|Any CPU.Build.0 = Release|Any CPU
	EndGlobalSection
	GlobalSection(SolutionProperties) = preSolution
		HideSolutionNode = FALSE
	EndGlobalSection
	GlobalSection(ExtensibilityGlobals) = postSolution
		SolutionGuid = {03D41DD0-90F8-48CF-8408-D4DAB52CDFAD}
	EndGlobalSection
EndGlobal
